
Microsoft Visual Studio Solution File, Format Version 12.00
# Visual Studio 15
VisualStudioVersion = 15.0.28010.2046
MinimumVisualStudioVersion = 10.0.40219.1
Project("{FAE04EC0-301F-11D3-BF4B-00C04F79EFBC}") = "Reflections", "Reflections\Reflections.csproj", "{6979308E-46C8-48F7-8E94-72BD899F384E}"
EndProject
Project("{FAE04EC0-301F-11D3-BF4B-00C04F79EFBC}") = "ReflectingTests", "ReflectingTests\ReflectingTests.csproj", "{8E113E8B-AFA0-4C30-8FDA-B3A16177FF63}"
EndProject
Global
	GlobalSection(SolutionConfigurationPlatforms) = preSolution
		Debug|Any CPU = Debug|Any CPU
		Release|Any CPU = Release|Any CPU
	EndGlobalSection
	GlobalSection(ProjectConfigurationPlatforms) = postSolution
		{6979308E-46C8-48F7-8E94-72BD899F384E}.Debug|Any CPU.ActiveCfg = Debug|Any CPU
		{6979308E-46C8-48F7-8E94-72BD899F384E}.Debug|Any CPU.Build.0 = Debug|Any CPU
		{6979308E-46C8-48F7-8E94-72BD899F384E}.Release|Any CPU.ActiveCfg = Release|Any CPU
		{6979308E-46C8-48F7-8E94-72BD899F384E}.Release|Any CPU.Build.0 = Release|Any CPU
		{8E113E8B-AFA0-4C30-8FDA-B3A16177FF63}.Debug|Any CPU.ActiveCfg = Debug|Any CPU
		{8E113E8B-AFA0-4C30-8FDA-B3A16177FF63}.Debug|Any CPU.Build.0 = Debug|Any CPU
		{8E113E8B-AFA0-4C30-8FDA-B3A16177FF63}.Release|Any CPU.ActiveCfg = Release|Any CPU
		{8E113E8B-AFA0-4C30-8FDA-B3A16177FF63}.Release|Any CPU.Build.0 = Release|Any CPU
	EndGlobalSection
	GlobalSection(SolutionProperties) = preSolution
		HideSolutionNode = FALSE
	EndGlobalSection
	GlobalSection(ExtensibilityGlobals) = postSolution
		SolutionGuid = {6E404A1A-7033-4876-926D-7CEF42279F39}
	EndGlobalSection
EndGlobal
